
Microsoft Visual Studio Solution File, Format Version 12.00
# Visual Studio 14
VisualStudioVersion = 14.0.23107.0
MinimumVisualStudioVersion = 10.0.40219.1
Project("{FAE04EC0-301F-11D3-BF4B-00C04F79EFBC}") = "ILoveShawa", "ILoveShawa\ILoveShawa.csproj", "{0055B111-A811-4FA3-AB5C-2E9019330C39}"
EndProject
Project("{FAE04EC0-301F-11D3-BF4B-00C04F79EFBC}") = "ILoveShawa.Tests", "ILoveShawa.Tests\ILoveShawa.Tests.csproj", "{E6044227-2840-4FB1-B543-B1033AC95A94}"
EndProject
Project("{FAE04EC0-301F-11D3-BF4B-00C04F79EFBC}") = "ILoveShawa.Domain", "ILoveShawa.Domain\ILoveShawa.Domain.csproj", "{9EF4900A-2BAB-4298-8C3F-B8C4A45E48DE}"
EndProject
Global
	GlobalSection(SolutionConfigurationPlatforms) = preSolution
		Debug|Any CPU = Debug|Any CPU
		Release|Any CPU = Release|Any CPU
	EndGlobalSection
	GlobalSection(ProjectConfigurationPlatforms) = postSolution
		{0055B111-A811-4FA3-AB5C-2E9019330C39}.Debug|Any CPU.ActiveCfg = Debug|Any CPU
		{0055B111-A811-4FA3-AB5C-2E9019330C39}.Debug|Any CPU.Build.0 = Debug|Any CPU
		{0055B111-A811-4FA3-AB5C-2E9019330C39}.Release|Any CPU.ActiveCfg = Release|Any CPU
		{0055B111-A811-4FA3-AB5C-2E9019330C39}.Release|Any CPU.Build.0 = Release|Any CPU
		{E6044227-2840-4FB1-B543-B1033AC95A94}.Debug|Any CPU.ActiveCfg = Debug|Any CPU
		{E6044227-2840-4FB1-B543-B1033AC95A94}.Debug|Any CPU.Build.0 = Debug|Any CPU
		{E6044227-2840-4FB1-B543-B1033AC95A94}.Release|Any CPU.ActiveCfg = Release|Any CPU
		{E6044227-2840-4FB1-B543-B1033AC95A94}.Release|Any CPU.Build.0 = Release|Any CPU
		{9EF4900A-2BAB-4298-8C3F-B8C4A45E48DE}.Debug|Any CPU.ActiveCfg = Debug|Any CPU
		{9EF4900A-2BAB-4298-8C3F-B8C4A45E48DE}.Debug|Any CPU.Build.0 = Debug|Any CPU
		{9EF4900A-2BAB-4298-8C3F-B8C4A45E48DE}.Release|Any CPU.ActiveCfg = Release|Any CPU
		{9EF4900A-2BAB-4298-8C3F-B8C4A45E48DE}.Release|Any CPU.Build.0 = Release|Any CPU
	EndGlobalSection
	GlobalSection(SolutionProperties) = preSolution
		HideSolutionNode = FALSE
	EndGlobalSection
EndGlobal
